{
  "nodes": {
    "abstractdark-sddm-theme-src": {
      "flake": false,
      "locked": {
        "lastModified": 1475412761,
        "narHash": "sha256-XmhTVs/1Hzrs+FBRbFEOSIFOrRp0VTPwIJmSa2EgIeo=",
        "owner": "3ximus",
        "repo": "abstractdark-sddm-theme",
        "rev": "e817d4b27981080cd3b398fe928619ffa16c52e7",
        "type": "github"
      },
      "original": {
        "owner": "3ximus",
        "repo": "abstractdark-sddm-theme",
        "type": "github"
      }
    },
    "alacritty-src": {
      "flake": false,
      "locked": {
        "lastModified": 1612842776,
        "narHash": "sha256-1dGk4ORzMSUQhuKSt5Yo7rOJCJ5/folwPX2tLiu0suA=",
        "owner": "zenixls2",
        "repo": "alacritty",
        "rev": "3ed043046fc74f288d4c8fa7e4463dc201213500",
        "type": "github"
      },
      "original": {
        "owner": "zenixls2",
        "ref": "ligature",
        "repo": "alacritty",
        "type": "github"
      }
    },
    "awesome-src": {
      "flake": false,
      "locked": {
        "lastModified": 1640296944,
        "narHash": "sha256-5mxa7rid/meFrBUY9GBuJlHGOU9OJJP0hwIRMvSwh58=",
        "owner": "awesomeWM",
        "repo": "awesome",
        "rev": "7451c6952e0a24bd54edc0f7ecff6ad46ef65dcb",
        "type": "github"
      },
      "original": {
        "owner": "awesomeWM",
        "repo": "awesome",
        "type": "github"
      }
    },
    "bling-src": {
      "flake": false,
      "locked": {
        "lastModified": 1639510172,
        "narHash": "sha256-l5FifujhIu1z2aLViwK7c74MZXl3ZauGklQixtFybN0=",
        "owner": "BlingCorp",
        "repo": "bling",
        "rev": "e0423796b075b21cf3252a9d59b6c23dbf2bb46c",
        "type": "github"
      },
      "original": {
        "owner": "BlingCorp",
        "repo": "bling",
        "type": "github"
      }
    },
    "downloader-cli-src": {
      "flake": false,
      "locked": {
        "lastModified": 1636271329,
        "narHash": "sha256-l6SIGf4gijUr8OYabDmZI9FUVxTgXBwmOH31MJupcZs=",
        "owner": "deepjyoti30",
        "repo": "downloader-cli",
        "rev": "339aeb58c5f256a1e6d3fa70c388973ad2d3026a",
        "type": "github"
      },
      "original": {
        "owner": "deepjyoti30",
        "repo": "downloader-cli",
        "type": "github"
      }
    },
    "eww": {
      "inputs": {
        "fenix": "fenix",
        "flake-compat": "flake-compat",
        "flake-utils": "flake-utils",
        "naersk": "naersk",
        "nixpkgs": "nixpkgs_2"
      },
      "locked": {
        "lastModified": 1639928775,
        "narHash": "sha256-VntDl7JaIfvn3pd+2uDocnXFRkPnQQbRkYDn4XWeC5o=",
        "owner": "elkowar",
        "repo": "eww",
        "rev": "106106ade31e7cc669f2ae53f24191cd0a683c39",
        "type": "github"
      },
      "original": {
        "owner": "elkowar",
        "repo": "eww",
        "type": "github"
      }
    },
    "fenix": {
      "inputs": {
        "nixpkgs": [
          "nixpkgs"
        ],
        "rust-analyzer-src": "rust-analyzer-src"
      },
      "locked": {
        "lastModified": 1630895391,
        "narHash": "sha256-yokHZl7RvKfvmAmouI0Zr5x4SKhYvukRcU8XzRk7yf0=",
        "owner": "nix-community",
        "repo": "fenix",
        "rev": "3893e32c15e2ba4999510de67023a31d6f0e8b6e",
        "type": "github"
      },
      "original": {
        "owner": "nix-community",
        "repo": "fenix",
        "type": "github"
      }
    },
    "flake-compat": {
      "flake": false,
      "locked": {
        "lastModified": 1627913399,
        "narHash": "sha256-hY8g6H2KFL8ownSiFeMOjwPC8P0ueXpCVEbxgda3pko=",
        "owner": "edolstra",
        "repo": "flake-compat",
        "rev": "12c64ca55c1014cdc1b16ed5a804aa8576601ff2",
        "type": "github"
      },
      "original": {
        "owner": "edolstra",
        "repo": "flake-compat",
        "type": "github"
      }
    },
    "flake-compat-ci": {
      "locked": {
        "lastModified": 1638753619,
        "narHash": "sha256-uJoNBfbXkn17W5PIrtQDPEk+zfN91oOB9I9XF9pOTmo=",
        "owner": "hercules-ci",
        "repo": "flake-compat-ci",
        "rev": "e950b4e71c711f3311cbf6323394c0aff7b7e4ec",
        "type": "github"
      },
      "original": {
        "owner": "hercules-ci",
        "repo": "flake-compat-ci",
        "type": "github"
      }
    },
    "flake-compat_2": {
      "flake": false,
      "locked": {
        "lastModified": 1627913399,
        "narHash": "sha256-hY8g6H2KFL8ownSiFeMOjwPC8P0ueXpCVEbxgda3pko=",
        "owner": "edolstra",
        "repo": "flake-compat",
        "rev": "12c64ca55c1014cdc1b16ed5a804aa8576601ff2",
        "type": "github"
      },
      "original": {
        "owner": "edolstra",
        "repo": "flake-compat",
        "type": "github"
      }
    },
    "flake-utils": {
      "locked": {
        "lastModified": 1629481132,
        "narHash": "sha256-JHgasjPR0/J1J3DRm4KxM4zTyAj4IOJY8vIl75v/kPI=",
        "owner": "numtide",
        "repo": "flake-utils",
        "rev": "997f7efcb746a9c140ce1f13c72263189225f482",
        "type": "github"
      },
      "original": {
        "owner": "numtide",
        "repo": "flake-utils",
        "type": "github"
      }
    },
    "flake-utils_2": {
      "locked": {
        "lastModified": 1638122382,
        "narHash": "sha256-sQzZzAbvKEqN9s0bzWuYmRaA03v40gaJ4+iL1LXjaeI=",
        "owner": "numtide",
        "repo": "flake-utils",
        "rev": "74f7e4319258e287b0f9cb95426c9853b282730b",
        "type": "github"
      },
      "original": {
        "owner": "numtide",
        "repo": "flake-utils",
        "type": "github"
      }
    },
    "flake-utils_3": {
      "locked": {
        "lastModified": 1637014545,
        "narHash": "sha256-26IZAc5yzlD9FlDT54io1oqG/bBoyka+FJk5guaX4x4=",
        "owner": "numtide",
        "repo": "flake-utils",
        "rev": "bba5dcc8e0b20ab664967ad83d24d64cb64ec4f4",
        "type": "github"
      },
      "original": {
        "owner": "numtide",
        "repo": "flake-utils",
        "type": "github"
      }
    },
    "kile-wl-src": {
      "flake": false,
      "locked": {
        "lastModified": 1637011519,
        "narHash": "sha256-NKsbQJ8mw/JDjxKJZ2nMNtq+WmMcjSBjOClIf/Jt9zQ=",
        "owner": "snakedye",
        "repo": "kile",
        "rev": "70c8a609c6b17573442519b82c9ccd39ec063723",
        "type": "gitlab"
      },
      "original": {
        "owner": "snakedye",
        "repo": "kile",
        "type": "gitlab"
      }
    },
    "meson": {
      "locked": {
        "lastModified": 1638563528,
        "narHash": "sha256-i5BAber9ARlD950ooxMzluKVYWNXoAS/9p5g6qtD9uQ=",
        "owner": "Princemachiavelli",
        "repo": "nixpkgs",
        "rev": "a1f38cf166727a9317c052e4845ec18e74b16bd5",
        "type": "github"
      },
      "original": {
        "owner": "Princemachiavelli",
        "ref": "meson-0.60",
        "repo": "nixpkgs",
        "type": "github"
      }
    },
    "naersk": {
      "inputs": {
        "nixpkgs": "nixpkgs"
      },
      "locked": {
        "lastModified": 1629707199,
        "narHash": "sha256-sGxlmfp5eXL5sAMNqHSb04Zq6gPl+JeltIZ226OYN0w=",
        "owner": "nmattia",
        "repo": "naersk",
        "rev": "df71f5e4babda41cd919a8684b72218e2e809fa9",
        "type": "github"
      },
      "original": {
        "owner": "nmattia",
        "repo": "naersk",
        "type": "github"
      }
    },
    "nixpkgs": {
      "locked": {
        "lastModified": 1630761588,
        "narHash": "sha256-7GXckvZy7DGh2KIyfdArqwnyeSc5Owy1fumEDQyd8eY=",
        "path": "/nix/store/8i2kd1ndvx8adgid7vf4szhxsh1f9pkm-source",
        "rev": "a51aa6523bd8ee985bc70987909eff235900197a",
        "type": "path"
      },
      "original": {
        "id": "nixpkgs",
        "type": "indirect"
      }
    },
    "nixpkgs_2": {
      "locked": {
        "lastModified": 1630140382,
        "narHash": "sha256-ntXepAHFlAEtaYIU5EzckRUODeeMgpu1u2Yug+4LFNc=",
        "owner": "NixOS",
        "repo": "nixpkgs",
        "rev": "08ef0f28e3a41424b92ba1d203de64257a9fca6a",
        "type": "github"
      },
      "original": {
        "id": "nixpkgs",
        "ref": "nixpkgs-unstable",
        "type": "indirect"
      }
    },
    "nixpkgs_3": {
      "locked": {
        "lastModified": 1640310046,
        "narHash": "sha256-v6kicwVTcAzI4H0NarMdhoQpsX6hBvDls6hSsqfpUzU=",
        "owner": "NixOS",
        "repo": "nixpkgs",
        "rev": "191a0315bf0dbc6cb395e2af5763887d105661c8",
        "type": "github"
      },
      "original": {
        "owner": "NixOS",
        "ref": "master",
        "repo": "nixpkgs",
        "type": "github"
      }
    },
    "nixpkgs_4": {
      "locked": {
        "lastModified": 1637453606,
        "narHash": "sha256-Gy6cwUswft9xqsjWxFYEnx/63/qzaFUwatcbV5GF/GQ=",
        "owner": "NixOS",
        "repo": "nixpkgs",
        "rev": "8afc4e543663ca0a6a4f496262cd05233737e732",
        "type": "github"
      },
      "original": {
        "owner": "NixOS",
        "ref": "nixpkgs-unstable",
        "repo": "nixpkgs",
        "type": "github"
      }
    },
    "picom-dccsillag": {
      "flake": false,
      "locked": {
        "lastModified": 1632048604,
        "narHash": "sha256-gErByb5Z2UNXFUwBakfs9tqLXXeqn+OgPrQZyyv9E98=",
        "owner": "dccsillag",
        "repo": "picom",
        "rev": "6a5019896741ca365072a3a1450b5ba055332653",
        "type": "github"
      },
      "original": {
        "owner": "dccsillag",
        "ref": "implement-window-animations",
        "repo": "picom",
        "type": "github"
      }
    },
    "picom-pijulius": {
      "flake": false,
      "locked": {
        "lastModified": 1634982684,
        "narHash": "sha256-YiuLScDV9UfgI1MiYRtjgRkJ0VuA1TExATA2nJSJMhM=",
        "owner": "pijulius",
        "repo": "picom",
        "rev": "982bb43e5d4116f1a37a0bde01c9bda0b88705b9",
        "type": "github"
      },
      "original": {
        "owner": "pijulius",
        "ref": "implement-window-animations",
        "repo": "picom",
        "type": "github"
      }
    },
    "picom-src": {
      "flake": false,
      "locked": {
        "lastModified": 1637837551,
        "narHash": "sha256-VBnIzisg/7Xetd/AWVHlnaWXlxX+wqeYTpstO6+T5cE=",
        "owner": "yshui",
        "repo": "picom",
        "rev": "31e58712ec11b198340ae217d33a73d8ac73b7fe",
        "type": "github"
      },
      "original": {
        "owner": "yshui",
        "repo": "picom",
        "type": "github"
      }
    },
    "river-src": {
      "flake": false,
      "locked": {
        "lastModified": 1640210985,
        "narHash": "sha256-fgvtHJPcgHnfpgrl6Iuny0t2y/hzPcrTmW4hoWqY/T0=",
        "ref": "master",
        "rev": "1edaa5ad211342298cfe0bf46169a619ad555f56",
        "revCount": 780,
        "submodules": true,
        "type": "git",
        "url": "https://github.com/ifreund/river.git"
      },
      "original": {
        "submodules": true,
        "type": "git",
        "url": "https://github.com/ifreund/river.git"
      }
    },
    "root": {
      "inputs": {
        "abstractdark-sddm-theme-src": "abstractdark-sddm-theme-src",
        "alacritty-src": "alacritty-src",
        "awesome-src": "awesome-src",
        "bling-src": "bling-src",
        "downloader-cli-src": "downloader-cli-src",
        "eww": "eww",
        "flake-compat": "flake-compat_2",
        "flake-compat-ci": "flake-compat-ci",
        "flake-utils": "flake-utils_2",
        "kile-wl-src": "kile-wl-src",
        "meson": "meson",
        "nixpkgs": "nixpkgs_3",
        "picom-dccsillag": "picom-dccsillag",
        "picom-pijulius": "picom-pijulius",
        "picom-src": "picom-src",
        "river-src": "river-src",
        "rust-nightly": "rust-nightly",
        "slock-src": "slock-src",
        "sway-src": "sway-src",
        "wlroots-src": "wlroots-src",
        "xdpw-src": "xdpw-src",
        "xmonad-contrib-src": "xmonad-contrib-src",
        "xmonad-src": "xmonad-src",
        "ytmdl-src": "ytmdl-src"
      }
    },
    "rust-analyzer-src": {
      "flake": false,
      "locked": {
        "lastModified": 1630870637,
        "narHash": "sha256-TacpTVvHAIs4kZ5vibj8luy/kryYwxY+OXFNPnqiXP0=",
        "owner": "rust-analyzer",
        "repo": "rust-analyzer",
        "rev": "b73b321478d3b2a98d380eb79de717e01620c4e9",
        "type": "github"
      },
      "original": {
        "owner": "rust-analyzer",
        "ref": "nightly",
        "repo": "rust-analyzer",
        "type": "github"
      }
    },
    "rust-nightly": {
      "inputs": {
        "flake-utils": "flake-utils_3",
        "nixpkgs": "nixpkgs_4"
      },
      "locked": {
        "lastModified": 1640227139,
        "narHash": "sha256-FN22WSu7hObDtBvhqNuCAW4qCN+FE9Gv97O8oO1E3L0=",
        "owner": "oxalica",
        "repo": "rust-overlay",
        "rev": "5c8f3e3facc8b2d183bd18bbf9eb760ed37b5a49",
        "type": "github"
      },
      "original": {
        "owner": "oxalica",
        "repo": "rust-overlay",
        "type": "github"
      }
    },
    "slock-src": {
      "flake": false,
      "locked": {
        "lastModified": 1618191521,
        "narHash": "sha256-++R5tTk4nbNo3elzoD2jJbEBAV7gjxUf8Cegeo0fVGA=",
        "owner": "khuedoan",
        "repo": "slock",
        "rev": "37f091cb167f719103ef70baa6b46b95645e5b95",
        "type": "github"
      },
      "original": {
        "owner": "khuedoan",
        "repo": "slock",
        "type": "github"
      }
    },
    "sway-src": {
      "flake": false,
      "locked": {
        "lastModified": 1640282939,
        "narHash": "sha256-uNA6/8J1k0CfZma1MfoSfsjXV3w58cuwbIn5flUn4vQ=",
        "owner": "swaywm",
        "repo": "sway",
        "rev": "eaeb173a4b9b22d8ba1b35d3d863f0dcb8595341",
        "type": "github"
      },
      "original": {
        "owner": "swaywm",
        "repo": "sway",
        "type": "github"
      }
    },
    "wlroots-src": {
      "flake": false,
      "locked": {
        "lastModified": 1635782940,
        "narHash": "sha256-wKSJHYFIy6wEI90kmBx/YcgDk2OKmeAyWGSfFtfOqjk=",
        "owner": "swaywm",
        "repo": "wlroots",
        "rev": "0855cdacb2eeeff35849e2e9c4db0aa996d78d10",
        "type": "github"
      },
      "original": {
        "owner": "swaywm",
        "repo": "wlroots",
        "type": "github"
      }
    },
    "xdpw-src": {
      "flake": false,
      "locked": {
        "lastModified": 1640280344,
        "narHash": "sha256-Fa8abOMfaevF0qPxs8BD3h7Irk3Bz9xHEOf5SB1arKU=",
        "owner": "emersion",
        "repo": "xdg-desktop-portal-wlr",
        "rev": "3febd04acdca61f0639fe1d53b7dc44aaeefce7b",
        "type": "github"
      },
      "original": {
        "owner": "emersion",
        "repo": "xdg-desktop-portal-wlr",
        "type": "github"
      }
    },
    "xmonad-contrib-src": {
      "flake": false,
      "locked": {
        "lastModified": 1640249561,
        "narHash": "sha256-0+g2FmmPLdwmsqgTdgmf7DCX9twM90xne9Tv2PFvEAE=",
        "owner": "xmonad",
        "repo": "xmonad-contrib",
        "rev": "adeb27dc693adaf564fdbf96497f97d3b157d441",
        "type": "github"
      },
      "original": {
        "owner": "xmonad",
        "repo": "xmonad-contrib",
        "type": "github"
      }
    },
    "xmonad-src": {
      "flake": false,
      "locked": {
        "lastModified": 1639248845,
        "narHash": "sha256-Tcahp3yQUFCqxIgmDAPdysxjGqpuP5ph7ZysnxeRkgY=",
        "owner": "xmonad",
        "repo": "xmonad",
        "rev": "e25d090112f2a76364a10b88a729b8586c18145b",
        "type": "github"
      },
      "original": {
        "owner": "xmonad",
        "repo": "xmonad",
        "type": "github"
      }
    },
    "ytmdl-src": {
      "flake": false,
      "locked": {
        "lastModified": 1636266481,
        "narHash": "sha256-W8tAGeZ3v3aMtINFyX8rdAlBvw4VIFMyFZtIBp8aarM=",
        "owner": "deepjyoti30",
        "repo": "ytmdl",
        "rev": "0227541f303739a01e27a6d74499229d9bf44f84",
        "type": "github"
      },
      "original": {
        "owner": "deepjyoti30",
        "repo": "ytmdl",
        "type": "github"
      }
    }
  },
  "root": "root",
  "version": 7
}
